# IF THERE'S A GIT CONFLICT IN THIS FILE, DON'T SOLVE IT MANUALLY!
# INSTEAD EXECUTE `prisma lift fix`
# lift lockfile v1
# Read more about conflict resolution here: TODO

20200301190634
20200301191755
20200302103024
20200302114639
20200302122537
20200302163610
20200303115614
20200304104024
20200304163140
20200304174159
20200305131707
20200305133008
20200305190507